
Microsoft Visual Studio Solution File, Format Version 12.00
# Visual Studio 15
VisualStudioVersion = 15.0.27004.2006
MinimumVisualStudioVersion = 10.0.40219.1
Project("{FAE04EC0-301F-11D3-BF4B-00C04F79EFBC}") = "Animal", "ConsoleApp1\Animal.csproj", "{066A469E-D76F-4B8E-B3BA-2DE2205ACD2A}"
EndProject
Project("{FAE04EC0-301F-11D3-BF4B-00C04F79EFBC}") = "Car", "ConsoleApp2\Car.csproj", "{D04C3BA6-AD36-4A00-9B97-9C8C4BC78071}"
EndProject
Project("{FAE04EC0-301F-11D3-BF4B-00C04F79EFBC}") = "Labtop", "ConsoleApp3\Labtop.csproj", "{9B5ACD32-90E7-4873-A623-31602F4ADF5B}"
EndProject
Project("{FAE04EC0-301F-11D3-BF4B-00C04F79EFBC}") = "School", "ConsoleApp4\School.csproj", "{CAAA0193-B46B-4363-BD2B-721A729B7702}"
EndProject
Project("{FAE04EC0-301F-11D3-BF4B-00C04F79EFBC}") = "LearningInheritance", "LearningInheritance\LearningInheritance.csproj", "{B11601ED-13F3-4A9F-89F2-87C8BDACD7AB}"
EndProject
Project("{FAE04EC0-301F-11D3-BF4B-00C04F79EFBC}") = "VirtualOverride", "VirtualOverride\VirtualOverride.csproj", "{8E1F2C9D-E2F7-4872-BC00-363CEE14E0E7}"
EndProject
Project("{FAE04EC0-301F-11D3-BF4B-00C04F79EFBC}") = "ClassRoom", "ClassRoom\ClassRoom.csproj", "{488E2EDA-C6FE-407E-AC18-22A93A88653E}"
EndProject
Project("{FAE04EC0-301F-11D3-BF4B-00C04F79EFBC}") = "Human", "Human\Human.csproj", "{2C5962D3-A789-4E71-8F59-1CDB2E8481AD}"
EndProject
Project("{FAE04EC0-301F-11D3-BF4B-00C04F79EFBC}") = "Animals", "Animals\Animals.csproj", "{2B6365A8-1EE7-4E33-AB19-482C6AE6A5DD}"
EndProject
Project("{FAE04EC0-301F-11D3-BF4B-00C04F79EFBC}") = "Shape", "Shape\Shape.csproj", "{6AD4B801-732A-443D-80CD-E311EF144087}"
EndProject
Project("{FAE04EC0-301F-11D3-BF4B-00C04F79EFBC}") = "BankSystem", "BankSystem\BankSystem.csproj", "{9A2E2D8C-3166-4FE6-B3BE-C020853485B2}"
EndProject
Project("{2150E333-8FDC-42A3-9474-1A3956D46DE8}") = "Solution Items", "Solution Items", "{50AC5075-C315-4807-9913-80CBAB8E5A28}"
	ProjectSection(SolutionItems) = preProject
		TextFile1.txt = TextFile1.txt
	EndProjectSection
EndProject
Global
	GlobalSection(SolutionConfigurationPlatforms) = preSolution
		Debug|Any CPU = Debug|Any CPU
		Release|Any CPU = Release|Any CPU
	EndGlobalSection
	GlobalSection(ProjectConfigurationPlatforms) = postSolution
		{066A469E-D76F-4B8E-B3BA-2DE2205ACD2A}.Debug|Any CPU.ActiveCfg = Debug|Any CPU
		{066A469E-D76F-4B8E-B3BA-2DE2205ACD2A}.Debug|Any CPU.Build.0 = Debug|Any CPU
		{066A469E-D76F-4B8E-B3BA-2DE2205ACD2A}.Release|Any CPU.ActiveCfg = Release|Any CPU
		{066A469E-D76F-4B8E-B3BA-2DE2205ACD2A}.Release|Any CPU.Build.0 = Release|Any CPU
		{D04C3BA6-AD36-4A00-9B97-9C8C4BC78071}.Debug|Any CPU.ActiveCfg = Debug|Any CPU
		{D04C3BA6-AD36-4A00-9B97-9C8C4BC78071}.Debug|Any CPU.Build.0 = Debug|Any CPU
		{D04C3BA6-AD36-4A00-9B97-9C8C4BC78071}.Release|Any CPU.ActiveCfg = Release|Any CPU
		{D04C3BA6-AD36-4A00-9B97-9C8C4BC78071}.Release|Any CPU.Build.0 = Release|Any CPU
		{9B5ACD32-90E7-4873-A623-31602F4ADF5B}.Debug|Any CPU.ActiveCfg = Debug|Any CPU
		{9B5ACD32-90E7-4873-A623-31602F4ADF5B}.Debug|Any CPU.Build.0 = Debug|Any CPU
		{9B5ACD32-90E7-4873-A623-31602F4ADF5B}.Release|Any CPU.ActiveCfg = Release|Any CPU
		{9B5ACD32-90E7-4873-A623-31602F4ADF5B}.Release|Any CPU.Build.0 = Release|Any CPU
		{CAAA0193-B46B-4363-BD2B-721A729B7702}.Debug|Any CPU.ActiveCfg = Debug|Any CPU
		{CAAA0193-B46B-4363-BD2B-721A729B7702}.Debug|Any CPU.Build.0 = Debug|Any CPU
		{CAAA0193-B46B-4363-BD2B-721A729B7702}.Release|Any CPU.ActiveCfg = Release|Any CPU
		{CAAA0193-B46B-4363-BD2B-721A729B7702}.Release|Any CPU.Build.0 = Release|Any CPU
		{B11601ED-13F3-4A9F-89F2-87C8BDACD7AB}.Debug|Any CPU.ActiveCfg = Debug|Any CPU
		{B11601ED-13F3-4A9F-89F2-87C8BDACD7AB}.Debug|Any CPU.Build.0 = Debug|Any CPU
		{B11601ED-13F3-4A9F-89F2-87C8BDACD7AB}.Release|Any CPU.ActiveCfg = Release|Any CPU
		{B11601ED-13F3-4A9F-89F2-87C8BDACD7AB}.Release|Any CPU.Build.0 = Release|Any CPU
		{8E1F2C9D-E2F7-4872-BC00-363CEE14E0E7}.Debug|Any CPU.ActiveCfg = Debug|Any CPU
		{8E1F2C9D-E2F7-4872-BC00-363CEE14E0E7}.Debug|Any CPU.Build.0 = Debug|Any CPU
		{8E1F2C9D-E2F7-4872-BC00-363CEE14E0E7}.Release|Any CPU.ActiveCfg = Release|Any CPU
		{8E1F2C9D-E2F7-4872-BC00-363CEE14E0E7}.Release|Any CPU.Build.0 = Release|Any CPU
		{488E2EDA-C6FE-407E-AC18-22A93A88653E}.Debug|Any CPU.ActiveCfg = Debug|Any CPU
		{488E2EDA-C6FE-407E-AC18-22A93A88653E}.Debug|Any CPU.Build.0 = Debug|Any CPU
		{488E2EDA-C6FE-407E-AC18-22A93A88653E}.Release|Any CPU.ActiveCfg = Release|Any CPU
		{488E2EDA-C6FE-407E-AC18-22A93A88653E}.Release|Any CPU.Build.0 = Release|Any CPU
		{2C5962D3-A789-4E71-8F59-1CDB2E8481AD}.Debug|Any CPU.ActiveCfg = Debug|Any CPU
		{2C5962D3-A789-4E71-8F59-1CDB2E8481AD}.Debug|Any CPU.Build.0 = Debug|Any CPU
		{2C5962D3-A789-4E71-8F59-1CDB2E8481AD}.Release|Any CPU.ActiveCfg = Release|Any CPU
		{2C5962D3-A789-4E71-8F59-1CDB2E8481AD}.Release|Any CPU.Build.0 = Release|Any CPU
		{2B6365A8-1EE7-4E33-AB19-482C6AE6A5DD}.Debug|Any CPU.ActiveCfg = Debug|Any CPU
		{2B6365A8-1EE7-4E33-AB19-482C6AE6A5DD}.Debug|Any CPU.Build.0 = Debug|Any CPU
		{2B6365A8-1EE7-4E33-AB19-482C6AE6A5DD}.Release|Any CPU.ActiveCfg = Release|Any CPU
		{2B6365A8-1EE7-4E33-AB19-482C6AE6A5DD}.Release|Any CPU.Build.0 = Release|Any CPU
		{6AD4B801-732A-443D-80CD-E311EF144087}.Debug|Any CPU.ActiveCfg = Debug|Any CPU
		{6AD4B801-732A-443D-80CD-E311EF144087}.Debug|Any CPU.Build.0 = Debug|Any CPU
		{6AD4B801-732A-443D-80CD-E311EF144087}.Release|Any CPU.ActiveCfg = Release|Any CPU
		{6AD4B801-732A-443D-80CD-E311EF144087}.Release|Any CPU.Build.0 = Release|Any CPU
		{9A2E2D8C-3166-4FE6-B3BE-C020853485B2}.Debug|Any CPU.ActiveCfg = Debug|Any CPU
		{9A2E2D8C-3166-4FE6-B3BE-C020853485B2}.Debug|Any CPU.Build.0 = Debug|Any CPU
		{9A2E2D8C-3166-4FE6-B3BE-C020853485B2}.Release|Any CPU.ActiveCfg = Release|Any CPU
		{9A2E2D8C-3166-4FE6-B3BE-C020853485B2}.Release|Any CPU.Build.0 = Release|Any CPU
	EndGlobalSection
	GlobalSection(SolutionProperties) = preSolution
		HideSolutionNode = FALSE
	EndGlobalSection
	GlobalSection(ExtensibilityGlobals) = postSolution
		SolutionGuid = {394F31B1-A677-4229-8574-B8EFE29E6540}
	EndGlobalSection
EndGlobal
